
Microsoft Visual Studio Solution File, Format Version 12.00
# Visual Studio 15
VisualStudioVersion = 15.0.26730.15
MinimumVisualStudioVersion = 10.0.40219.1
Project("{FAE04EC0-301F-11D3-BF4B-00C04F79EFBC}") = "GiaoHangGiaRe", "GiaoHangGiaRe\GiaoHangGiaRe.csproj", "{49550E47-5F1F-491B-8DFB-62434C0E120A}"
EndProject
Project("{FAE04EC0-301F-11D3-BF4B-00C04F79EFBC}") = "Models", "Models\Models.csproj", "{C57B3F04-9417-4236-B2B6-55E91CFEF721}"
EndProject
Project("{CC5FD16D-436D-48AD-A40C-5A424C6E3E79}") = "GiaoHangGiaRe.Azure", "GiaoHangGiaRe.Azure\GiaoHangGiaRe.Azure.ccproj", "{2097E380-050A-4A0D-89FA-9AA1AB89403C}"
EndProject
Global
	GlobalSection(SolutionConfigurationPlatforms) = preSolution
		Debug|Any CPU = Debug|Any CPU
		Release|Any CPU = Release|Any CPU
	EndGlobalSection
	GlobalSection(ProjectConfigurationPlatforms) = postSolution
		{49550E47-5F1F-491B-8DFB-62434C0E120A}.Debug|Any CPU.ActiveCfg = Debug|Any CPU
		{49550E47-5F1F-491B-8DFB-62434C0E120A}.Debug|Any CPU.Build.0 = Debug|Any CPU
		{49550E47-5F1F-491B-8DFB-62434C0E120A}.Release|Any CPU.ActiveCfg = Release|Any CPU
		{49550E47-5F1F-491B-8DFB-62434C0E120A}.Release|Any CPU.Build.0 = Release|Any CPU
		{C57B3F04-9417-4236-B2B6-55E91CFEF721}.Debug|Any CPU.ActiveCfg = Debug|Any CPU
		{C57B3F04-9417-4236-B2B6-55E91CFEF721}.Debug|Any CPU.Build.0 = Debug|Any CPU
		{C57B3F04-9417-4236-B2B6-55E91CFEF721}.Release|Any CPU.ActiveCfg = Release|Any CPU
		{C57B3F04-9417-4236-B2B6-55E91CFEF721}.Release|Any CPU.Build.0 = Release|Any CPU
		{2097E380-050A-4A0D-89FA-9AA1AB89403C}.Debug|Any CPU.ActiveCfg = Debug|Any CPU
		{2097E380-050A-4A0D-89FA-9AA1AB89403C}.Debug|Any CPU.Build.0 = Debug|Any CPU
		{2097E380-050A-4A0D-89FA-9AA1AB89403C}.Release|Any CPU.ActiveCfg = Release|Any CPU
		{2097E380-050A-4A0D-89FA-9AA1AB89403C}.Release|Any CPU.Build.0 = Release|Any CPU
	EndGlobalSection
	GlobalSection(SolutionProperties) = preSolution
		HideSolutionNode = FALSE
	EndGlobalSection
	GlobalSection(ExtensibilityGlobals) = postSolution
		SolutionGuid = {0D475305-9D74-481E-BDA7-3D41C77E3A8B}
	EndGlobalSection
EndGlobal
