// !$*UTF8*$!
{
	archiveVersion = 1;
	classes = {
	};
	objectVersion = 50;
	objects = {

/* Begin PBXBuildFile section */
		843A5D822100F7D000B8F349 /* LoginViewController.swift in Sources */ = {isa = PBXBuildFile; fileRef = 843A5D812100F7D000B8F349 /* LoginViewController.swift */; };
		843A5D882100FD9900B8F349 /* UserProvider.swift in Sources */ = {isa = PBXBuildFile; fileRef = 843A5D872100FD9900B8F349 /* UserProvider.swift */; };
		843A5D8E2100FF8000B8F349 /* UserLogin.swift in Sources */ = {isa = PBXBuildFile; fileRef = 843A5D8D2100FF8000B8F349 /* UserLogin.swift */; };
		84EDF5D92100BBCF00C906D5 /* AppDelegate.swift in Sources */ = {isa = PBXBuildFile; fileRef = 84EDF5D82100BBCF00C906D5 /* AppDelegate.swift */; };
		84EDF5DB2100BBCF00C906D5 /* ViewController.swift in Sources */ = {isa = PBXBuildFile; fileRef = 84EDF5DA2100BBCF00C906D5 /* ViewController.swift */; };
		84EDF5DE2100BBCF00C906D5 /* Main.storyboard in Resources */ = {isa = PBXBuildFile; fileRef = 84EDF5DC2100BBCF00C906D5 /* Main.storyboard */; };
		84EDF5E02100BBD000C906D5 /* Assets.xcassets in Resources */ = {isa = PBXBuildFile; fileRef = 84EDF5DF2100BBD000C906D5 /* Assets.xcassets */; };
		84EDF5E32100BBD000C906D5 /* LaunchScreen.storyboard in Resources */ = {isa = PBXBuildFile; fileRef = 84EDF5E12100BBD000C906D5 /* LaunchScreen.storyboard */; };
		9250FB69F6CDA48417D1877E /* Pods_GiaoHangGiaRe_IOS.framework in Frameworks */ = {isa = PBXBuildFile; fileRef = 3B07384CBB06FDA3957B0A2D /* Pods_GiaoHangGiaRe_IOS.framework */; };
/* End PBXBuildFile section */

/* Begin PBXFileReference section */
		3B07384CBB06FDA3957B0A2D /* Pods_GiaoHangGiaRe_IOS.framework */ = {isa = PBXFileReference; explicitFileType = wrapper.framework; includeInIndex = 0; path = Pods_GiaoHangGiaRe_IOS.framework; sourceTree = BUILT_PRODUCTS_DIR; };
		843A5D812100F7D000B8F349 /* LoginViewController.swift */ = {isa = PBXFileReference; lastKnownFileType = sourcecode.swift; path = LoginViewController.swift; sourceTree = "<group>"; };
		843A5D872100FD9900B8F349 /* UserProvider.swift */ = {isa = PBXFileReference; lastKnownFileType = sourcecode.swift; path = UserProvider.swift; sourceTree = "<group>"; };
		843A5D8D2100FF8000B8F349 /* UserLogin.swift */ = {isa = PBXFileReference; lastKnownFileType = sourcecode.swift; path = UserLogin.swift; sourceTree = "<group>"; };
		84EDF5D52100BBCF00C906D5 /* GiaoHangGiaRe_IOS.app */ = {isa = PBXFileReference; explicitFileType = wrapper.application; includeInIndex = 0; path = GiaoHangGiaRe_IOS.app; sourceTree = BUILT_PRODUCTS_DIR; };
		84EDF5D82100BBCF00C906D5 /* AppDelegate.swift */ = {isa = PBXFileReference; lastKnownFileType = sourcecode.swift; path = AppDelegate.swift; sourceTree = "<group>"; };
		84EDF5DA2100BBCF00C906D5 /* ViewController.swift */ = {isa = PBXFileReference; lastKnownFileType = sourcecode.swift; path = ViewController.swift; sourceTree = "<group>"; };
		84EDF5DD2100BBCF00C906D5 /* Base */ = {isa = PBXFileReference; lastKnownFileType = file.storyboard; name = Base; path = Base.lproj/Main.storyboard; sourceTree = "<group>"; };
		84EDF5DF2100BBD000C906D5 /* Assets.xcassets */ = {isa = PBXFileReference; lastKnownFileType = folder.assetcatalog; path = Assets.xcassets; sourceTree = "<group>"; };
		84EDF5E22100BBD000C906D5 /* Base */ = {isa = PBXFileReference; lastKnownFileType = file.storyboard; name = Base; path = Base.lproj/LaunchScreen.storyboard; sourceTree = "<group>"; };
		84EDF5E42100BBD000C906D5 /* Info.plist */ = {isa = PBXFileReference; lastKnownFileType = text.plist.xml; path = Info.plist; sourceTree = "<group>"; };
		C2E5F57AE0F671B76FCB5A33 /* Pods-GiaoHangGiaRe_IOS.release.xcconfig */ = {isa = PBXFileReference; includeInIndex = 1; lastKnownFileType = text.xcconfig; name = "Pods-GiaoHangGiaRe_IOS.release.xcconfig"; path = "Pods/Target Support Files/Pods-GiaoHangGiaRe_IOS/Pods-GiaoHangGiaRe_IOS.release.xcconfig"; sourceTree = "<group>"; };
		D8E605EE149AB86CFC936A05 /* Pods-GiaoHangGiaRe_IOS.debug.xcconfig */ = {isa = PBXFileReference; includeInIndex = 1; lastKnownFileType = text.xcconfig; name = "Pods-GiaoHangGiaRe_IOS.debug.xcconfig"; path = "Pods/Target Support Files/Pods-GiaoHangGiaRe_IOS/Pods-GiaoHangGiaRe_IOS.debug.xcconfig"; sourceTree = "<group>"; };
/* End PBXFileReference section */

/* Begin PBXFrameworksBuildPhase section */
		84EDF5D22100BBCF00C906D5 /* Frameworks */ = {
			isa = PBXFrameworksBuildPhase;
			buildActionMask = 2147483647;
			files = (
				9250FB69F6CDA48417D1877E /* Pods_GiaoHangGiaRe_IOS.framework in Frameworks */,
			);
			runOnlyForDeploymentPostprocessing = 0;
		};
/* End PBXFrameworksBuildPhase section */

/* Begin PBXGroup section */
		2581654E55BD32DD5172D30D /* Frameworks */ = {
			isa = PBXGroup;
			children = (
				3B07384CBB06FDA3957B0A2D /* Pods_GiaoHangGiaRe_IOS.framework */,
			);
			name = Frameworks;
			sourceTree = "<group>";
		};
		4CEB42E24D5784E3B3499C94 /* Pods */ = {
			isa = PBXGroup;
			children = (
				D8E605EE149AB86CFC936A05 /* Pods-GiaoHangGiaRe_IOS.debug.xcconfig */,
				C2E5F57AE0F671B76FCB5A33 /* Pods-GiaoHangGiaRe_IOS.release.xcconfig */,
			);
			name = Pods;
			sourceTree = "<group>";
		};
		843A5D802100F7A900B8F349 /* Controllers */ = {
			isa = PBXGroup;
			children = (
				843A5D812100F7D000B8F349 /* LoginViewController.swift */,
			);
			path = Controllers;
			sourceTree = "<group>";
		};
		843A5D832100F86700B8F349 /* Providers */ = {
			isa = PBXGroup;
			children = (
				843A5D862100F9CE00B8F349 /* DonHang */,
				843A5D852100F9C300B8F349 /* Roles */,
				843A5D842100F9B200B8F349 /* User */,
			);
			path = Providers;
			sourceTree = "<group>";
		};
		843A5D842100F9B200B8F349 /* User */ = {
			isa = PBXGroup;
			children = (
				843A5D872100FD9900B8F349 /* UserProvider.swift */,
			);
			path = User;
			sourceTree = "<group>";
		};
		843A5D852100F9C300B8F349 /* Roles */ = {
			isa = PBXGroup;
			children = (
			);
			path = Roles;
			sourceTree = "<group>";
		};
		843A5D862100F9CE00B8F349 /* DonHang */ = {
			isa = PBXGroup;
			children = (
			);
			path = DonHang;
			sourceTree = "<group>";
		};
		843A5D892100FEA000B8F349 /* Models */ = {
			isa = PBXGroup;
			children = (
				843A5D8C2100FED300B8F349 /* DonHang */,
				843A5D8B2100FECE00B8F349 /* Roles */,
				843A5D8A2100FEC700B8F349 /* User */,
			);
			path = Models;
			sourceTree = "<group>";
		};
		843A5D8A2100FEC700B8F349 /* User */ = {
			isa = PBXGroup;
			children = (
				843A5D8D2100FF8000B8F349 /* UserLogin.swift */,
			);
			path = User;
			sourceTree = "<group>";
		};
		843A5D8B2100FECE00B8F349 /* Roles */ = {
			isa = PBXGroup;
			children = (
			);
			path = Roles;
			sourceTree = "<group>";
		};
		843A5D8C2100FED300B8F349 /* DonHang */ = {
			isa = PBXGroup;
			children = (
			);
			path = DonHang;
			sourceTree = "<group>";
		};
		84EDF5CC2100BBCF00C906D5 = {
			isa = PBXGroup;
			children = (
				84EDF5D72100BBCF00C906D5 /* GiaoHangGiaRe_IOS */,
				84EDF5D62100BBCF00C906D5 /* Products */,
				4CEB42E24D5784E3B3499C94 /* Pods */,
				2581654E55BD32DD5172D30D /* Frameworks */,
			);
			sourceTree = "<group>";
		};
		84EDF5D62100BBCF00C906D5 /* Products */ = {
			isa = PBXGroup;
			children = (
				84EDF5D52100BBCF00C906D5 /* GiaoHangGiaRe_IOS.app */,
			);
			name = Products;
			sourceTree = "<group>";
		};
		84EDF5D72100BBCF00C906D5 /* GiaoHangGiaRe_IOS */ = {
			isa = PBXGroup;
			children = (
				843A5D892100FEA000B8F349 /* Models */,
				843A5D832100F86700B8F349 /* Providers */,
				843A5D802100F7A900B8F349 /* Controllers */,
				84EDF5D82100BBCF00C906D5 /* AppDelegate.swift */,
				84EDF5DA2100BBCF00C906D5 /* ViewController.swift */,
				84EDF5DC2100BBCF00C906D5 /* Main.storyboard */,
				84EDF5DF2100BBD000C906D5 /* Assets.xcassets */,
				84EDF5E12100BBD000C906D5 /* LaunchScreen.storyboard */,
				84EDF5E42100BBD000C906D5 /* Info.plist */,
			);
			path = GiaoHangGiaRe_IOS;
			sourceTree = "<group>";
		};
/* End PBXGroup section */

/* Begin PBXNativeTarget section */
		84EDF5D42100BBCF00C906D5 /* GiaoHangGiaRe_IOS */ = {
			isa = PBXNativeTarget;
			buildConfigurationList = 84EDF5E72100BBD000C906D5 /* Build configuration list for PBXNativeTarget "GiaoHangGiaRe_IOS" */;
			buildPhases = (
				D6AE5962F67BC9BF6A07959E /* [CP] Check Pods Manifest.lock */,
				84EDF5D12100BBCF00C906D5 /* Sources */,
				84EDF5D22100BBCF00C906D5 /* Frameworks */,
				84EDF5D32100BBCF00C906D5 /* Resources */,
				FA8F091B5C9E92406D41886C /* [CP] Embed Pods Frameworks */,
			);
			buildRules = (
			);
			dependencies = (
			);
			name = GiaoHangGiaRe_IOS;
			productName = GiaoHangGiaRe_IOS;
			productReference = 84EDF5D52100BBCF00C906D5 /* GiaoHangGiaRe_IOS.app */;
			productType = "com.apple.product-type.application";
		};
/* End PBXNativeTarget section */

/* Begin PBXProject section */
		84EDF5CD2100BBCF00C906D5 /* Project object */ = {
			isa = PBXProject;
			attributes = {
				LastSwiftUpdateCheck = 0930;
				LastUpgradeCheck = 0930;
				ORGANIZATIONNAME = admin;
				TargetAttributes = {
					84EDF5D42100BBCF00C906D5 = {
						CreatedOnToolsVersion = 9.3;
					};
				};
			};
			buildConfigurationList = 84EDF5D02100BBCF00C906D5 /* Build configuration list for PBXProject "GiaoHangGiaRe_IOS" */;
			compatibilityVersion = "Xcode 9.3";
			developmentRegion = en;
			hasScannedForEncodings = 0;
			knownRegions = (
				en,
				Base,
			);
			mainGroup = 84EDF5CC2100BBCF00C906D5;
			productRefGroup = 84EDF5D62100BBCF00C906D5 /* Products */;
			projectDirPath = "";
			projectRoot = "";
			targets = (
				84EDF5D42100BBCF00C906D5 /* GiaoHangGiaRe_IOS */,
			);
		};
/* End PBXProject section */

/* Begin PBXResourcesBuildPhase section */
		84EDF5D32100BBCF00C906D5 /* Resources */ = {
			isa = PBXResourcesBuildPhase;
			buildActionMask = 2147483647;
			files = (
				84EDF5E32100BBD000C906D5 /* LaunchScreen.storyboard in Resources */,
				84EDF5E02100BBD000C906D5 /* Assets.xcassets in Resources */,
				84EDF5DE2100BBCF00C906D5 /* Main.storyboard in Resources */,
			);
			runOnlyForDeploymentPostprocessing = 0;
		};
/* End PBXResourcesBuildPhase section */

/* Begin PBXShellScriptBuildPhase section */
		D6AE5962F67BC9BF6A07959E /* [CP] Check Pods Manifest.lock */ = {
			isa = PBXShellScriptBuildPhase;
			buildActionMask = 2147483647;
			files = (
			);
			inputPaths = (
				"${PODS_PODFILE_DIR_PATH}/Podfile.lock",
				"${PODS_ROOT}/Manifest.lock",
			);
			name = "[CP] Check Pods Manifest.lock";
			outputPaths = (
				"$(DERIVED_FILE_DIR)/Pods-GiaoHangGiaRe_IOS-checkManifestLockResult.txt",
			);
			runOnlyForDeploymentPostprocessing = 0;
			shellPath = /bin/sh;
			shellScript = "diff \"${PODS_PODFILE_DIR_PATH}/Podfile.lock\" \"${PODS_ROOT}/Manifest.lock\" > /dev/null\nif [ $? != 0 ] ; then\n    # print error to STDERR\n    echo \"error: The sandbox is not in sync with the Podfile.lock. Run 'pod install' or update your CocoaPods installation.\" >&2\n    exit 1\nfi\n# This output is used by Xcode 'outputs' to avoid re-running this script phase.\necho \"SUCCESS\" > \"${SCRIPT_OUTPUT_FILE_0}\"\n";
			showEnvVarsInLog = 0;
		};
		FA8F091B5C9E92406D41886C /* [CP] Embed Pods Frameworks */ = {
			isa = PBXShellScriptBuildPhase;
			buildActionMask = 2147483647;
			files = (
			);
			inputPaths = (
				"${SRCROOT}/Pods/Target Support Files/Pods-GiaoHangGiaRe_IOS/Pods-GiaoHangGiaRe_IOS-frameworks.sh",
				"${BUILT_PRODUCTS_DIR}/Alamofire/Alamofire.framework",
				"${BUILT_PRODUCTS_DIR}/SwiftValidator/SwiftValidator.framework",
			);
			name = "[CP] Embed Pods Frameworks";
			outputPaths = (
				"${TARGET_BUILD_DIR}/${FRAMEWORKS_FOLDER_PATH}/Alamofire.framework",
				"${TARGET_BUILD_DIR}/${FRAMEWORKS_FOLDER_PATH}/SwiftValidator.framework",
			);
			runOnlyForDeploymentPostprocessing = 0;
			shellPath = /bin/sh;
			shellScript = "\"${SRCROOT}/Pods/Target Support Files/Pods-GiaoHangGiaRe_IOS/Pods-GiaoHangGiaRe_IOS-frameworks.sh\"\n";
			showEnvVarsInLog = 0;
		};
/* End PBXShellScriptBuildPhase section */

/* Begin PBXSourcesBuildPhase section */
		84EDF5D12100BBCF00C906D5 /* Sources */ = {
			isa = PBXSourcesBuildPhase;
			buildActionMask = 2147483647;
			files = (
				843A5D822100F7D000B8F349 /* LoginViewController.swift in Sources */,
				843A5D8E2100FF8000B8F349 /* UserLogin.swift in Sources */,
				84EDF5DB2100BBCF00C906D5 /* ViewController.swift in Sources */,
				84EDF5D92100BBCF00C906D5 /* AppDelegate.swift in Sources */,
				843A5D882100FD9900B8F349 /* UserProvider.swift in Sources */,
			);
			runOnlyForDeploymentPostprocessing = 0;
		};
/* End PBXSourcesBuildPhase section */

/* Begin PBXVariantGroup section */
		84EDF5DC2100BBCF00C906D5 /* Main.storyboard */ = {
			isa = PBXVariantGroup;
			children = (
				84EDF5DD2100BBCF00C906D5 /* Base */,
			);
			name = Main.storyboard;
			sourceTree = "<group>";
		};
		84EDF5E12100BBD000C906D5 /* LaunchScreen.storyboard */ = {
			isa = PBXVariantGroup;
			children = (
				84EDF5E22100BBD000C906D5 /* Base */,
			);
			name = LaunchScreen.storyboard;
			sourceTree = "<group>";
		};
/* End PBXVariantGroup section */

/* Begin XCBuildConfiguration section */
		84EDF5E52100BBD000C906D5 /* Debug */ = {
			isa = XCBuildConfiguration;
			buildSettings = {
				ALWAYS_SEARCH_USER_PATHS = NO;
				CLANG_ANALYZER_NONNULL = YES;
				CLANG_ANALYZER_NUMBER_OBJECT_CONVERSION = YES_AGGRESSIVE;
				CLANG_CXX_LANGUAGE_STANDARD = "gnu++14";
				CLANG_CXX_LIBRARY = "libc++";
				CLANG_ENABLE_MODULES = YES;
				CLANG_ENABLE_OBJC_ARC = YES;
				CLANG_ENABLE_OBJC_WEAK = YES;
				CLANG_WARN_BLOCK_CAPTURE_AUTORELEASING = YES;
				CLANG_WARN_BOOL_CONVERSION = YES;
				CLANG_WARN_COMMA = YES;
				CLANG_WARN_CONSTANT_CONVERSION = YES;
				CLANG_WARN_DEPRECATED_OBJC_IMPLEMENTATIONS = YES;
				CLANG_WARN_DIRECT_OBJC_ISA_USAGE = YES_ERROR;
				CLANG_WARN_DOCUMENTATION_COMMENTS = YES;
				CLANG_WARN_EMPTY_BODY = YES;
				CLANG_WARN_ENUM_CONVERSION = YES;
				CLANG_WARN_INFINITE_RECURSION = YES;
				CLANG_WARN_INT_CONVERSION = YES;
				CLANG_WARN_NON_LITERAL_NULL_CONVERSION = YES;
				CLANG_WARN_OBJC_IMPLICIT_RETAIN_SELF = YES;
				CLANG_WARN_OBJC_LITERAL_CONVERSION = YES;
				CLANG_WARN_OBJC_ROOT_CLASS = YES_ERROR;
				CLANG_WARN_RANGE_LOOP_ANALYSIS = YES;
				CLANG_WARN_STRICT_PROTOTYPES = YES;
				CLANG_WARN_SUSPICIOUS_MOVE = YES;
				CLANG_WARN_UNGUARDED_AVAILABILITY = YES_AGGRESSIVE;
				CLANG_WARN_UNREACHABLE_CODE = YES;
				CLANG_WARN__DUPLICATE_METHOD_MATCH = YES;
				CODE_SIGN_IDENTITY = "iPhone Developer";
				COPY_PHASE_STRIP = NO;
				DEBUG_INFORMATION_FORMAT = dwarf;
				ENABLE_STRICT_OBJC_MSGSEND = YES;
				ENABLE_TESTABILITY = YES;
				GCC_C_LANGUAGE_STANDARD = gnu11;
				GCC_DYNAMIC_NO_PIC = NO;
				GCC_NO_COMMON_BLOCKS = YES;
				GCC_OPTIMIZATION_LEVEL = 0;
				GCC_PREPROCESSOR_DEFINITIONS = (
					"DEBUG=1",
					"$(inherited)",
				);
				GCC_WARN_64_TO_32_BIT_CONVERSION = YES;
				GCC_WARN_ABOUT_RETURN_TYPE = YES_ERROR;
				GCC_WARN_UNDECLARED_SELECTOR = YES;
				GCC_WARN_UNINITIALIZED_AUTOS = YES_AGGRESSIVE;
				GCC_WARN_UNUSED_FUNCTION = YES;
				GCC_WARN_UNUSED_VARIABLE = YES;
				IPHONEOS_DEPLOYMENT_TARGET = 11.3;
				MTL_ENABLE_DEBUG_INFO = YES;
				ONLY_ACTIVE_ARCH = YES;
				SDKROOT = iphoneos;
				SWIFT_ACTIVE_COMPILATION_CONDITIONS = DEBUG;
				SWIFT_OPTIMIZATION_LEVEL = "-Onone";
			};
			name = Debug;
		};
		84EDF5E62100BBD000C906D5 /* Release */ = {
			isa = XCBuildConfiguration;
			buildSettings = {
				ALWAYS_SEARCH_USER_PATHS = NO;
				CLANG_ANALYZER_NONNULL = YES;
				CLANG_ANALYZER_NUMBER_OBJECT_CONVERSION = YES_AGGRESSIVE;
				CLANG_CXX_LANGUAGE_STANDARD = "gnu++14";
				CLANG_CXX_LIBRARY = "libc++";
				CLANG_ENABLE_MODULES = YES;
				CLANG_ENABLE_OBJC_ARC = YES;
				CLANG_ENABLE_OBJC_WEAK = YES;
				CLANG_WARN_BLOCK_CAPTURE_AUTORELEASING = YES;
				CLANG_WARN_BOOL_CONVERSION = YES;
				CLANG_WARN_COMMA = YES;
				CLANG_WARN_CONSTANT_CONVERSION = YES;
				CLANG_WARN_DEPRECATED_OBJC_IMPLEMENTATIONS = YES;
				CLANG_WARN_DIRECT_OBJC_ISA_USAGE = YES_ERROR;
				CLANG_WARN_DOCUMENTATION_COMMENTS = YES;
				CLANG_WARN_EMPTY_BODY = YES;
				CLANG_WARN_ENUM_CONVERSION = YES;
				CLANG_WARN_INFINITE_RECURSION = YES;
				CLANG_WARN_INT_CONVERSION = YES;
				CLANG_WARN_NON_LITERAL_NULL_CONVERSION = YES;
				CLANG_WARN_OBJC_IMPLICIT_RETAIN_SELF = YES;
				CLANG_WARN_OBJC_LITERAL_CONVERSION = YES;
				CLANG_WARN_OBJC_ROOT_CLASS = YES_ERROR;
				CLANG_WARN_RANGE_LOOP_ANALYSIS = YES;
				CLANG_WARN_STRICT_PROTOTYPES = YES;
				CLANG_WARN_SUSPICIOUS_MOVE = YES;
				CLANG_WARN_UNGUARDED_AVAILABILITY = YES_AGGRESSIVE;
				CLANG_WARN_UNREACHABLE_CODE = YES;
				CLANG_WARN__DUPLICATE_METHOD_MATCH = YES;
				CODE_SIGN_IDENTITY = "iPhone Developer";
				COPY_PHASE_STRIP = NO;
				DEBUG_INFORMATION_FORMAT = "dwarf-with-dsym";
				ENABLE_NS_ASSERTIONS = NO;
				ENABLE_STRICT_OBJC_MSGSEND = YES;
				GCC_C_LANGUAGE_STANDARD = gnu11;
				GCC_NO_COMMON_BLOCKS = YES;
				GCC_WARN_64_TO_32_BIT_CONVERSION = YES;
				GCC_WARN_ABOUT_RETURN_TYPE = YES_ERROR;
				GCC_WARN_UNDECLARED_SELECTOR = YES;
				GCC_WARN_UNINITIALIZED_AUTOS = YES_AGGRESSIVE;
				GCC_WARN_UNUSED_FUNCTION = YES;
				GCC_WARN_UNUSED_VARIABLE = YES;
				IPHONEOS_DEPLOYMENT_TARGET = 11.3;
				MTL_ENABLE_DEBUG_INFO = NO;
				SDKROOT = iphoneos;
				SWIFT_COMPILATION_MODE = wholemodule;
				SWIFT_OPTIMIZATION_LEVEL = "-O";
				VALIDATE_PRODUCT = YES;
			};
			name = Release;
		};
		84EDF5E82100BBD000C906D5 /* Debug */ = {
			isa = XCBuildConfiguration;
			baseConfigurationReference = D8E605EE149AB86CFC936A05 /* Pods-GiaoHangGiaRe_IOS.debug.xcconfig */;
			buildSettings = {
				ASSETCATALOG_COMPILER_APPICON_NAME = AppIcon;
				CODE_SIGN_STYLE = Automatic;
				INFOPLIST_FILE = GiaoHangGiaRe_IOS/Info.plist;
				LD_RUNPATH_SEARCH_PATHS = (
					"$(inherited)",
					"@executable_path/Frameworks",
				);
				PRODUCT_BUNDLE_IDENTIFIER = "ngocminh.GiaoHangGiaRe-IOS";
				PRODUCT_NAME = "$(TARGET_NAME)";
				SWIFT_VERSION = 4.0;
				TARGETED_DEVICE_FAMILY = "1,2";
			};
			name = Debug;
		};
		84EDF5E92100BBD000C906D5 /* Release */ = {
			isa = XCBuildConfiguration;
			baseConfigurationReference = C2E5F57AE0F671B76FCB5A33 /* Pods-GiaoHangGiaRe_IOS.release.xcconfig */;
			buildSettings = {
				ASSETCATALOG_COMPILER_APPICON_NAME = AppIcon;
				CODE_SIGN_STYLE = Automatic;
				INFOPLIST_FILE = GiaoHangGiaRe_IOS/Info.plist;
				LD_RUNPATH_SEARCH_PATHS = (
					"$(inherited)",
					"@executable_path/Frameworks",
				);
				PRODUCT_BUNDLE_IDENTIFIER = "ngocminh.GiaoHangGiaRe-IOS";
				PRODUCT_NAME = "$(TARGET_NAME)";
				SWIFT_VERSION = 4.0;
				TARGETED_DEVICE_FAMILY = "1,2";
			};
			name = Release;
		};
/* End XCBuildConfiguration section */

/* Begin XCConfigurationList section */
		84EDF5D02100BBCF00C906D5 /* Build configuration list for PBXProject "GiaoHangGiaRe_IOS" */ = {
			isa = XCConfigurationList;
			buildConfigurations = (
				84EDF5E52100BBD000C906D5 /* Debug */,
				84EDF5E62100BBD000C906D5 /* Release */,
			);
			defaultConfigurationIsVisible = 0;
			defaultConfigurationName = Release;
		};
		84EDF5E72100BBD000C906D5 /* Build configuration list for PBXNativeTarget "GiaoHangGiaRe_IOS" */ = {
			isa = XCConfigurationList;
			buildConfigurations = (
				84EDF5E82100BBD000C906D5 /* Debug */,
				84EDF5E92100BBD000C906D5 /* Release */,
			);
			defaultConfigurationIsVisible = 0;
			defaultConfigurationName = Release;
		};
/* End XCConfigurationList section */
	};
	rootObject = 84EDF5CD2100BBCF00C906D5 /* Project object */;
}
